
Microsoft Visual Studio Solution File, Format Version 12.00
# Visual Studio 14
VisualStudioVersion = 14.0.25420.1
MinimumVisualStudioVersion = 10.0.40219.1
Project("{8BC9CEB8-8B4A-11D0-8D11-00A0C91BC942}") = "TheWalkingDead", "TheWalkingDead\TheWalkingDead.vcxproj", "{C49808D6-7B64-4B51-865B-907D35DFD039}"
EndProject
Project("{8BC9CEB8-8B4A-11D0-8D11-00A0C91BC942}") = "RandomEnemyGenerator", "RandomEnemyGenerator\RandomEnemyGenerator.vcxproj", "{C37A9399-3101-4F80-96AA-7B5D0C847A33}"
EndProject
Project("{8BC9CEB8-8B4A-11D0-8D11-00A0C91BC942}") = "DynArray", "DynArray\DynArray.vcxproj", "{88218FBB-11B8-4EC8-BE4D-20CFE6D1B45A}"
EndProject
Project("{8BC9CEB8-8B4A-11D0-8D11-00A0C91BC942}") = "Teasting", "Teasting\Teasting.vcxproj", "{C471D3CF-A2ED-4E46-92AE-BE15873AE602}"
EndProject
Project("{8BC9CEB8-8B4A-11D0-8D11-00A0C91BC942}") = "Deque", "Deque\Deque.vcxproj", "{47F149F8-43D6-4615-9E2F-64113992AEAA}"
EndProject
Global
	GlobalSection(SolutionConfigurationPlatforms) = preSolution
		Debug|x64 = Debug|x64
		Debug|x86 = Debug|x86
		Release|x64 = Release|x64
		Release|x86 = Release|x86
	EndGlobalSection
	GlobalSection(ProjectConfigurationPlatforms) = postSolution
		{C49808D6-7B64-4B51-865B-907D35DFD039}.Debug|x64.ActiveCfg = Debug|x64
		{C49808D6-7B64-4B51-865B-907D35DFD039}.Debug|x64.Build.0 = Debug|x64
		{C49808D6-7B64-4B51-865B-907D35DFD039}.Debug|x86.ActiveCfg = Debug|Win32
		{C49808D6-7B64-4B51-865B-907D35DFD039}.Debug|x86.Build.0 = Debug|Win32
		{C49808D6-7B64-4B51-865B-907D35DFD039}.Release|x64.ActiveCfg = Release|x64
		{C49808D6-7B64-4B51-865B-907D35DFD039}.Release|x64.Build.0 = Release|x64
		{C49808D6-7B64-4B51-865B-907D35DFD039}.Release|x86.ActiveCfg = Release|Win32
		{C49808D6-7B64-4B51-865B-907D35DFD039}.Release|x86.Build.0 = Release|Win32
		{C37A9399-3101-4F80-96AA-7B5D0C847A33}.Debug|x64.ActiveCfg = Debug|x64
		{C37A9399-3101-4F80-96AA-7B5D0C847A33}.Debug|x64.Build.0 = Debug|x64
		{C37A9399-3101-4F80-96AA-7B5D0C847A33}.Debug|x86.ActiveCfg = Debug|Win32
		{C37A9399-3101-4F80-96AA-7B5D0C847A33}.Debug|x86.Build.0 = Debug|Win32
		{C37A9399-3101-4F80-96AA-7B5D0C847A33}.Release|x64.ActiveCfg = Release|x64
		{C37A9399-3101-4F80-96AA-7B5D0C847A33}.Release|x64.Build.0 = Release|x64
		{C37A9399-3101-4F80-96AA-7B5D0C847A33}.Release|x86.ActiveCfg = Release|Win32
		{C37A9399-3101-4F80-96AA-7B5D0C847A33}.Release|x86.Build.0 = Release|Win32
		{88218FBB-11B8-4EC8-BE4D-20CFE6D1B45A}.Debug|x64.ActiveCfg = Debug|x64
		{88218FBB-11B8-4EC8-BE4D-20CFE6D1B45A}.Debug|x64.Build.0 = Debug|x64
		{88218FBB-11B8-4EC8-BE4D-20CFE6D1B45A}.Debug|x86.ActiveCfg = Debug|Win32
		{88218FBB-11B8-4EC8-BE4D-20CFE6D1B45A}.Debug|x86.Build.0 = Debug|Win32
		{88218FBB-11B8-4EC8-BE4D-20CFE6D1B45A}.Release|x64.ActiveCfg = Release|x64
		{88218FBB-11B8-4EC8-BE4D-20CFE6D1B45A}.Release|x64.Build.0 = Release|x64
		{88218FBB-11B8-4EC8-BE4D-20CFE6D1B45A}.Release|x86.ActiveCfg = Release|Win32
		{88218FBB-11B8-4EC8-BE4D-20CFE6D1B45A}.Release|x86.Build.0 = Release|Win32
		{C471D3CF-A2ED-4E46-92AE-BE15873AE602}.Debug|x64.ActiveCfg = Debug|x64
		{C471D3CF-A2ED-4E46-92AE-BE15873AE602}.Debug|x64.Build.0 = Debug|x64
		{C471D3CF-A2ED-4E46-92AE-BE15873AE602}.Debug|x86.ActiveCfg = Debug|Win32
		{C471D3CF-A2ED-4E46-92AE-BE15873AE602}.Debug|x86.Build.0 = Debug|Win32
		{C471D3CF-A2ED-4E46-92AE-BE15873AE602}.Release|x64.ActiveCfg = Release|x64
		{C471D3CF-A2ED-4E46-92AE-BE15873AE602}.Release|x64.Build.0 = Release|x64
		{C471D3CF-A2ED-4E46-92AE-BE15873AE602}.Release|x86.ActiveCfg = Release|Win32
		{C471D3CF-A2ED-4E46-92AE-BE15873AE602}.Release|x86.Build.0 = Release|Win32
		{47F149F8-43D6-4615-9E2F-64113992AEAA}.Debug|x64.ActiveCfg = Debug|x64
		{47F149F8-43D6-4615-9E2F-64113992AEAA}.Debug|x64.Build.0 = Debug|x64
		{47F149F8-43D6-4615-9E2F-64113992AEAA}.Debug|x86.ActiveCfg = Debug|Win32
		{47F149F8-43D6-4615-9E2F-64113992AEAA}.Debug|x86.Build.0 = Debug|Win32
		{47F149F8-43D6-4615-9E2F-64113992AEAA}.Release|x64.ActiveCfg = Release|x64
		{47F149F8-43D6-4615-9E2F-64113992AEAA}.Release|x64.Build.0 = Release|x64
		{47F149F8-43D6-4615-9E2F-64113992AEAA}.Release|x86.ActiveCfg = Release|Win32
		{47F149F8-43D6-4615-9E2F-64113992AEAA}.Release|x86.Build.0 = Release|Win32
	EndGlobalSection
	GlobalSection(SolutionProperties) = preSolution
		HideSolutionNode = FALSE
	EndGlobalSection
EndGlobal
